
Microsoft Visual Studio Solution File, Format Version 12.00
# Visual Studio Version 16
VisualStudioVersion = 16.0.32106.194
MinimumVisualStudioVersion = 10.0.40219.1
Project("{FAE04EC0-301F-11D3-BF4B-00C04F79EFBC}") = "SharedShoppingList", "SharedShoppingList\SharedShoppingList.csproj", "{F37C2BD8-E82D-48BF-9151-AAB2F04ACA19}"
EndProject
Global
	GlobalSection(SolutionConfigurationPlatforms) = preSolution
		Debug|Any CPU = Debug|Any CPU
		Release|Any CPU = Release|Any CPU
	EndGlobalSection
	GlobalSection(ProjectConfigurationPlatforms) = postSolution
		{F37C2BD8-E82D-48BF-9151-AAB2F04ACA19}.Debug|Any CPU.ActiveCfg = Debug|Any CPU
		{F37C2BD8-E82D-48BF-9151-AAB2F04ACA19}.Debug|Any CPU.Build.0 = Debug|Any CPU
		{F37C2BD8-E82D-48BF-9151-AAB2F04ACA19}.Release|Any CPU.ActiveCfg = Release|Any CPU
		{F37C2BD8-E82D-48BF-9151-AAB2F04ACA19}.Release|Any CPU.Build.0 = Release|Any CPU
	EndGlobalSection
	GlobalSection(SolutionProperties) = preSolution
		HideSolutionNode = FALSE
	EndGlobalSection
	GlobalSection(ExtensibilityGlobals) = postSolution
		SolutionGuid = {9D070777-AD65-4147-B775-8E6DE541EE51}
	EndGlobalSection
EndGlobal
